// !$*UTF8*$!
{
	archiveVersion = 1;
	classes = {
	};
	objectVersion = 48;
	objects = {

/* Begin PBXBuildFile section */
		4DAD89DE204A60B000E51314 /* IngredientTableViewCell.swift in Sources */ = {isa = PBXBuildFile; fileRef = 4DAD89DD204A60B000E51314 /* IngredientTableViewCell.swift */; };
		4DAD89E0204A60C300E51314 /* DirectionTableViewCell.swift in Sources */ = {isa = PBXBuildFile; fileRef = 4DAD89DF204A60C300E51314 /* DirectionTableViewCell.swift */; };
		4DAD89E2204A618B00E51314 /* IngredientTableView.swift in Sources */ = {isa = PBXBuildFile; fileRef = 4DAD89E1204A618B00E51314 /* IngredientTableView.swift */; };
		4DAD89E4204A619E00E51314 /* DirectionTableView.swift in Sources */ = {isa = PBXBuildFile; fileRef = 4DAD89E3204A619E00E51314 /* DirectionTableView.swift */; };
		4F0AFBFE204A3789008D4FD9 /* AppDelegate.swift in Sources */ = {isa = PBXBuildFile; fileRef = 4F0AFBFD204A3789008D4FD9 /* AppDelegate.swift */; };
		4F0AFC00204A3789008D4FD9 /* ViewController.swift in Sources */ = {isa = PBXBuildFile; fileRef = 4F0AFBFF204A3789008D4FD9 /* ViewController.swift */; };
		4F0AFC03204A3789008D4FD9 /* Main.storyboard in Resources */ = {isa = PBXBuildFile; fileRef = 4F0AFC01204A3789008D4FD9 /* Main.storyboard */; };
		4F0AFC05204A3789008D4FD9 /* Assets.xcassets in Resources */ = {isa = PBXBuildFile; fileRef = 4F0AFC04204A3789008D4FD9 /* Assets.xcassets */; };
		4F0AFC08204A3789008D4FD9 /* LaunchScreen.storyboard in Resources */ = {isa = PBXBuildFile; fileRef = 4F0AFC06204A3789008D4FD9 /* LaunchScreen.storyboard */; };
		4F0AFC13204A378A008D4FD9 /* FoodziTests.swift in Sources */ = {isa = PBXBuildFile; fileRef = 4F0AFC12204A378A008D4FD9 /* FoodziTests.swift */; };
		4F0AFC1E204A4205008D4FD9 /* NewRecipeViewController.swift in Sources */ = {isa = PBXBuildFile; fileRef = 4F0AFC1D204A4205008D4FD9 /* NewRecipeViewController.swift */; };
		4F0AFC20204A4284008D4FD9 /* UploadLinkViewController.swift in Sources */ = {isa = PBXBuildFile; fileRef = 4F0AFC1F204A4284008D4FD9 /* UploadLinkViewController.swift */; };
		4F0AFC22204A42AB008D4FD9 /* RecipeDetailsViewController.swift in Sources */ = {isa = PBXBuildFile; fileRef = 4F0AFC21204A42AB008D4FD9 /* RecipeDetailsViewController.swift */; };
		4F0AFC24204A42DC008D4FD9 /* RecipeStepsViewController.swift in Sources */ = {isa = PBXBuildFile; fileRef = 4F0AFC23204A42DC008D4FD9 /* RecipeStepsViewController.swift */; };
		4F0AFC26204A4B40008D4FD9 /* RecipeTableViewCell.swift in Sources */ = {isa = PBXBuildFile; fileRef = 4F0AFC25204A4B40008D4FD9 /* RecipeTableViewCell.swift */; };
		4F0AFC28204A615A008D4FD9 /* chicken.jpg in Resources */ = {isa = PBXBuildFile; fileRef = 4F0AFC27204A6159008D4FD9 /* chicken.jpg */; };
/* End PBXBuildFile section */

/* Begin PBXContainerItemProxy section */
		4F0AFC0F204A378A008D4FD9 /* PBXContainerItemProxy */ = {
			isa = PBXContainerItemProxy;
			containerPortal = 4F0AFBF2204A3789008D4FD9 /* Project object */;
			proxyType = 1;
			remoteGlobalIDString = 4F0AFBF9204A3789008D4FD9;
			remoteInfo = Foodzi;
		};
/* End PBXContainerItemProxy section */

/* Begin PBXFileReference section */
		4DAD89DD204A60B000E51314 /* IngredientTableViewCell.swift */ = {isa = PBXFileReference; lastKnownFileType = sourcecode.swift; path = IngredientTableViewCell.swift; sourceTree = "<group>"; };
		4DAD89DF204A60C300E51314 /* DirectionTableViewCell.swift */ = {isa = PBXFileReference; lastKnownFileType = sourcecode.swift; path = DirectionTableViewCell.swift; sourceTree = "<group>"; };
		4DAD89E1204A618B00E51314 /* IngredientTableView.swift */ = {isa = PBXFileReference; lastKnownFileType = sourcecode.swift; path = IngredientTableView.swift; sourceTree = "<group>"; };
		4DAD89E3204A619E00E51314 /* DirectionTableView.swift */ = {isa = PBXFileReference; lastKnownFileType = sourcecode.swift; path = DirectionTableView.swift; sourceTree = "<group>"; };
		4F0AFBFA204A3789008D4FD9 /* Foodzi.app */ = {isa = PBXFileReference; explicitFileType = wrapper.application; includeInIndex = 0; path = Foodzi.app; sourceTree = BUILT_PRODUCTS_DIR; };
		4F0AFBFD204A3789008D4FD9 /* AppDelegate.swift */ = {isa = PBXFileReference; lastKnownFileType = sourcecode.swift; path = AppDelegate.swift; sourceTree = "<group>"; };
		4F0AFBFF204A3789008D4FD9 /* ViewController.swift */ = {isa = PBXFileReference; lastKnownFileType = sourcecode.swift; path = ViewController.swift; sourceTree = "<group>"; };
		4F0AFC02204A3789008D4FD9 /* Base */ = {isa = PBXFileReference; lastKnownFileType = file.storyboard; name = Base; path = Base.lproj/Main.storyboard; sourceTree = "<group>"; };
		4F0AFC04204A3789008D4FD9 /* Assets.xcassets */ = {isa = PBXFileReference; lastKnownFileType = folder.assetcatalog; path = Assets.xcassets; sourceTree = "<group>"; };
		4F0AFC07204A3789008D4FD9 /* Base */ = {isa = PBXFileReference; lastKnownFileType = file.storyboard; name = Base; path = Base.lproj/LaunchScreen.storyboard; sourceTree = "<group>"; };
		4F0AFC09204A3789008D4FD9 /* Info.plist */ = {isa = PBXFileReference; lastKnownFileType = text.plist.xml; path = Info.plist; sourceTree = "<group>"; };
		4F0AFC0E204A378A008D4FD9 /* FoodziTests.xctest */ = {isa = PBXFileReference; explicitFileType = wrapper.cfbundle; includeInIndex = 0; path = FoodziTests.xctest; sourceTree = BUILT_PRODUCTS_DIR; };
		4F0AFC12204A378A008D4FD9 /* FoodziTests.swift */ = {isa = PBXFileReference; lastKnownFileType = sourcecode.swift; path = FoodziTests.swift; sourceTree = "<group>"; };
		4F0AFC14204A378A008D4FD9 /* Info.plist */ = {isa = PBXFileReference; lastKnownFileType = text.plist.xml; path = Info.plist; sourceTree = "<group>"; };
		4F0AFC1D204A4205008D4FD9 /* NewRecipeViewController.swift */ = {isa = PBXFileReference; lastKnownFileType = sourcecode.swift; path = NewRecipeViewController.swift; sourceTree = "<group>"; };
		4F0AFC1F204A4284008D4FD9 /* UploadLinkViewController.swift */ = {isa = PBXFileReference; lastKnownFileType = sourcecode.swift; path = UploadLinkViewController.swift; sourceTree = "<group>"; };
		4F0AFC21204A42AB008D4FD9 /* RecipeDetailsViewController.swift */ = {isa = PBXFileReference; lastKnownFileType = sourcecode.swift; path = RecipeDetailsViewController.swift; sourceTree = "<group>"; };
		4F0AFC23204A42DC008D4FD9 /* RecipeStepsViewController.swift */ = {isa = PBXFileReference; lastKnownFileType = sourcecode.swift; path = RecipeStepsViewController.swift; sourceTree = "<group>"; };
		4F0AFC25204A4B40008D4FD9 /* RecipeTableViewCell.swift */ = {isa = PBXFileReference; lastKnownFileType = sourcecode.swift; path = RecipeTableViewCell.swift; sourceTree = "<group>"; };
		4F0AFC27204A6159008D4FD9 /* chicken.jpg */ = {isa = PBXFileReference; lastKnownFileType = image.jpeg; path = chicken.jpg; sourceTree = "<group>"; };
/* End PBXFileReference section */

/* Begin PBXFrameworksBuildPhase section */
		4F0AFBF7204A3789008D4FD9 /* Frameworks */ = {
			isa = PBXFrameworksBuildPhase;
			buildActionMask = 2147483647;
			files = (
			);
			runOnlyForDeploymentPostprocessing = 0;
		};
		4F0AFC0B204A378A008D4FD9 /* Frameworks */ = {
			isa = PBXFrameworksBuildPhase;
			buildActionMask = 2147483647;
			files = (
			);
			runOnlyForDeploymentPostprocessing = 0;
		};
/* End PBXFrameworksBuildPhase section */

/* Begin PBXGroup section */
		4F0AFBF1204A3789008D4FD9 = {
			isa = PBXGroup;
			children = (
				4F0AFBFC204A3789008D4FD9 /* Foodzi */,
				4F0AFC11204A378A008D4FD9 /* FoodziTests */,
				4F0AFBFB204A3789008D4FD9 /* Products */,
			);
			sourceTree = "<group>";
		};
		4F0AFBFB204A3789008D4FD9 /* Products */ = {
			isa = PBXGroup;
			children = (
				4F0AFBFA204A3789008D4FD9 /* Foodzi.app */,
				4F0AFC0E204A378A008D4FD9 /* FoodziTests.xctest */,
			);
			name = Products;
			sourceTree = "<group>";
		};
		4F0AFBFC204A3789008D4FD9 /* Foodzi */ = {
			isa = PBXGroup;
			children = (
				4F0AFC27204A6159008D4FD9 /* chicken.jpg */,
				4F0AFC23204A42DC008D4FD9 /* RecipeStepsViewController.swift */,
				4F0AFC21204A42AB008D4FD9 /* RecipeDetailsViewController.swift */,
				4DAD89E1204A618B00E51314 /* IngredientTableView.swift */,
				4DAD89E3204A619E00E51314 /* DirectionTableView.swift */,
				4DAD89DD204A60B000E51314 /* IngredientTableViewCell.swift */,
				4DAD89DF204A60C300E51314 /* DirectionTableViewCell.swift */,
				4F0AFBFD204A3789008D4FD9 /* AppDelegate.swift */,
				4F0AFBFF204A3789008D4FD9 /* ViewController.swift */,
				4F0AFC1D204A4205008D4FD9 /* NewRecipeViewController.swift */,
				4F0AFC01204A3789008D4FD9 /* Main.storyboard */,
				4F0AFC1F204A4284008D4FD9 /* UploadLinkViewController.swift */,
				4F0AFC25204A4B40008D4FD9 /* RecipeTableViewCell.swift */,
				4F0AFC04204A3789008D4FD9 /* Assets.xcassets */,
				4F0AFC06204A3789008D4FD9 /* LaunchScreen.storyboard */,
				4F0AFC09204A3789008D4FD9 /* Info.plist */,
			);
			path = Foodzi;
			sourceTree = "<group>";
		};
		4F0AFC11204A378A008D4FD9 /* FoodziTests */ = {
			isa = PBXGroup;
			children = (
				4F0AFC12204A378A008D4FD9 /* FoodziTests.swift */,
				4F0AFC14204A378A008D4FD9 /* Info.plist */,
			);
			path = FoodziTests;
			sourceTree = "<group>";
		};
/* End PBXGroup section */

/* Begin PBXNativeTarget section */
		4F0AFBF9204A3789008D4FD9 /* Foodzi */ = {
			isa = PBXNativeTarget;
			buildConfigurationList = 4F0AFC17204A378A008D4FD9 /* Build configuration list for PBXNativeTarget "Foodzi" */;
			buildPhases = (
				4F0AFBF6204A3789008D4FD9 /* Sources */,
				4F0AFBF7204A3789008D4FD9 /* Frameworks */,
				4F0AFBF8204A3789008D4FD9 /* Resources */,
			);
			buildRules = (
			);
			dependencies = (
			);
			name = Foodzi;
			productName = Foodzi;
			productReference = 4F0AFBFA204A3789008D4FD9 /* Foodzi.app */;
			productType = "com.apple.product-type.application";
		};
		4F0AFC0D204A378A008D4FD9 /* FoodziTests */ = {
			isa = PBXNativeTarget;
			buildConfigurationList = 4F0AFC1A204A378A008D4FD9 /* Build configuration list for PBXNativeTarget "FoodziTests" */;
			buildPhases = (
				4F0AFC0A204A378A008D4FD9 /* Sources */,
				4F0AFC0B204A378A008D4FD9 /* Frameworks */,
				4F0AFC0C204A378A008D4FD9 /* Resources */,
			);
			buildRules = (
			);
			dependencies = (
				4F0AFC10204A378A008D4FD9 /* PBXTargetDependency */,
			);
			name = FoodziTests;
			productName = FoodziTests;
			productReference = 4F0AFC0E204A378A008D4FD9 /* FoodziTests.xctest */;
			productType = "com.apple.product-type.bundle.unit-test";
		};
/* End PBXNativeTarget section */

/* Begin PBXProject section */
		4F0AFBF2204A3789008D4FD9 /* Project object */ = {
			isa = PBXProject;
			attributes = {
				LastSwiftUpdateCheck = 0920;
				LastUpgradeCheck = 0920;
				ORGANIZATIONNAME = "Bryan Zhang";
				TargetAttributes = {
					4F0AFBF9204A3789008D4FD9 = {
						CreatedOnToolsVersion = 9.2;
						ProvisioningStyle = Automatic;
					};
					4F0AFC0D204A378A008D4FD9 = {
						CreatedOnToolsVersion = 9.2;
						ProvisioningStyle = Automatic;
						TestTargetID = 4F0AFBF9204A3789008D4FD9;
					};
				};
			};
			buildConfigurationList = 4F0AFBF5204A3789008D4FD9 /* Build configuration list for PBXProject "Foodzi" */;
			compatibilityVersion = "Xcode 8.0";
			developmentRegion = en;
			hasScannedForEncodings = 0;
			knownRegions = (
				en,
				Base,
			);
			mainGroup = 4F0AFBF1204A3789008D4FD9;
			productRefGroup = 4F0AFBFB204A3789008D4FD9 /* Products */;
			projectDirPath = "";
			projectRoot = "";
			targets = (
				4F0AFBF9204A3789008D4FD9 /* Foodzi */,
				4F0AFC0D204A378A008D4FD9 /* FoodziTests */,
			);
		};
/* End PBXProject section */

/* Begin PBXResourcesBuildPhase section */
		4F0AFBF8204A3789008D4FD9 /* Resources */ = {
			isa = PBXResourcesBuildPhase;
			buildActionMask = 2147483647;
			files = (
				4F0AFC08204A3789008D4FD9 /* LaunchScreen.storyboard in Resources */,
				4F0AFC05204A3789008D4FD9 /* Assets.xcassets in Resources */,
				4F0AFC03204A3789008D4FD9 /* Main.storyboard in Resources */,
				4F0AFC28204A615A008D4FD9 /* chicken.jpg in Resources */,
			);
			runOnlyForDeploymentPostprocessing = 0;
		};
		4F0AFC0C204A378A008D4FD9 /* Resources */ = {
			isa = PBXResourcesBuildPhase;
			buildActionMask = 2147483647;
			files = (
			);
			runOnlyForDeploymentPostprocessing = 0;
		};
/* End PBXResourcesBuildPhase section */

/* Begin PBXSourcesBuildPhase section */
		4F0AFBF6204A3789008D4FD9 /* Sources */ = {
			isa = PBXSourcesBuildPhase;
			buildActionMask = 2147483647;
			files = (
				4F0AFC24204A42DC008D4FD9 /* RecipeStepsViewController.swift in Sources */,
				4DAD89E2204A618B00E51314 /* IngredientTableView.swift in Sources */,
				4F0AFC00204A3789008D4FD9 /* ViewController.swift in Sources */,
				4DAD89E4204A619E00E51314 /* DirectionTableView.swift in Sources */,
				4DAD89DE204A60B000E51314 /* IngredientTableViewCell.swift in Sources */,
				4DAD89E0204A60C300E51314 /* DirectionTableViewCell.swift in Sources */,
				4F0AFBFE204A3789008D4FD9 /* AppDelegate.swift in Sources */,
				4F0AFC26204A4B40008D4FD9 /* RecipeTableViewCell.swift in Sources */,
				4F0AFC1E204A4205008D4FD9 /* NewRecipeViewController.swift in Sources */,
				4F0AFC22204A42AB008D4FD9 /* RecipeDetailsViewController.swift in Sources */,
				4F0AFC20204A4284008D4FD9 /* UploadLinkViewController.swift in Sources */,
			);
			runOnlyForDeploymentPostprocessing = 0;
		};
		4F0AFC0A204A378A008D4FD9 /* Sources */ = {
			isa = PBXSourcesBuildPhase;
			buildActionMask = 2147483647;
			files = (
				4F0AFC13204A378A008D4FD9 /* FoodziTests.swift in Sources */,
			);
			runOnlyForDeploymentPostprocessing = 0;
		};
/* End PBXSourcesBuildPhase section */

/* Begin PBXTargetDependency section */
		4F0AFC10204A378A008D4FD9 /* PBXTargetDependency */ = {
			isa = PBXTargetDependency;
			target = 4F0AFBF9204A3789008D4FD9 /* Foodzi */;
			targetProxy = 4F0AFC0F204A378A008D4FD9 /* PBXContainerItemProxy */;
		};
/* End PBXTargetDependency section */

/* Begin PBXVariantGroup section */
		4F0AFC01204A3789008D4FD9 /* Main.storyboard */ = {
			isa = PBXVariantGroup;
			children = (
				4F0AFC02204A3789008D4FD9 /* Base */,
			);
			name = Main.storyboard;
			sourceTree = "<group>";
		};
		4F0AFC06204A3789008D4FD9 /* LaunchScreen.storyboard */ = {
			isa = PBXVariantGroup;
			children = (
				4F0AFC07204A3789008D4FD9 /* Base */,
			);
			name = LaunchScreen.storyboard;
			sourceTree = "<group>";
		};
/* End PBXVariantGroup section */

/* Begin XCBuildConfiguration section */
		4F0AFC15204A378A008D4FD9 /* Debug */ = {
			isa = XCBuildConfiguration;
			buildSettings = {
				ALWAYS_SEARCH_USER_PATHS = NO;
				CLANG_ANALYZER_NONNULL = YES;
				CLANG_ANALYZER_NUMBER_OBJECT_CONVERSION = YES_AGGRESSIVE;
				CLANG_CXX_LANGUAGE_STANDARD = "gnu++14";
				CLANG_CXX_LIBRARY = "libc++";
				CLANG_ENABLE_MODULES = YES;
				CLANG_ENABLE_OBJC_ARC = YES;
				CLANG_WARN_BLOCK_CAPTURE_AUTORELEASING = YES;
				CLANG_WARN_BOOL_CONVERSION = YES;
				CLANG_WARN_COMMA = YES;
				CLANG_WARN_CONSTANT_CONVERSION = YES;
				CLANG_WARN_DIRECT_OBJC_ISA_USAGE = YES_ERROR;
				CLANG_WARN_DOCUMENTATION_COMMENTS = YES;
				CLANG_WARN_EMPTY_BODY = YES;
				CLANG_WARN_ENUM_CONVERSION = YES;
				CLANG_WARN_INFINITE_RECURSION = YES;
				CLANG_WARN_INT_CONVERSION = YES;
				CLANG_WARN_NON_LITERAL_NULL_CONVERSION = YES;
				CLANG_WARN_OBJC_LITERAL_CONVERSION = YES;
				CLANG_WARN_OBJC_ROOT_CLASS = YES_ERROR;
				CLANG_WARN_RANGE_LOOP_ANALYSIS = YES;
				CLANG_WARN_STRICT_PROTOTYPES = YES;
				CLANG_WARN_SUSPICIOUS_MOVE = YES;
				CLANG_WARN_UNGUARDED_AVAILABILITY = YES_AGGRESSIVE;
				CLANG_WARN_UNREACHABLE_CODE = YES;
				CLANG_WARN__DUPLICATE_METHOD_MATCH = YES;
				CODE_SIGN_IDENTITY = "iPhone Developer";
				COPY_PHASE_STRIP = NO;
				DEBUG_INFORMATION_FORMAT = dwarf;
				ENABLE_STRICT_OBJC_MSGSEND = YES;
				ENABLE_TESTABILITY = YES;
				GCC_C_LANGUAGE_STANDARD = gnu11;
				GCC_DYNAMIC_NO_PIC = NO;
				GCC_NO_COMMON_BLOCKS = YES;
				GCC_OPTIMIZATION_LEVEL = 0;
				GCC_PREPROCESSOR_DEFINITIONS = (
					"DEBUG=1",
					"$(inherited)",
				);
				GCC_WARN_64_TO_32_BIT_CONVERSION = YES;
				GCC_WARN_ABOUT_RETURN_TYPE = YES_ERROR;
				GCC_WARN_UNDECLARED_SELECTOR = YES;
				GCC_WARN_UNINITIALIZED_AUTOS = YES_AGGRESSIVE;
				GCC_WARN_UNUSED_FUNCTION = YES;
				GCC_WARN_UNUSED_VARIABLE = YES;
				IPHONEOS_DEPLOYMENT_TARGET = 11.2;
				MTL_ENABLE_DEBUG_INFO = YES;
				ONLY_ACTIVE_ARCH = YES;
				SDKROOT = iphoneos;
				SWIFT_ACTIVE_COMPILATION_CONDITIONS = DEBUG;
				SWIFT_OPTIMIZATION_LEVEL = "-Onone";
			};
			name = Debug;
		};
		4F0AFC16204A378A008D4FD9 /* Release */ = {
			isa = XCBuildConfiguration;
			buildSettings = {
				ALWAYS_SEARCH_USER_PATHS = NO;
				CLANG_ANALYZER_NONNULL = YES;
				CLANG_ANALYZER_NUMBER_OBJECT_CONVERSION = YES_AGGRESSIVE;
				CLANG_CXX_LANGUAGE_STANDARD = "gnu++14";
				CLANG_CXX_LIBRARY = "libc++";
				CLANG_ENABLE_MODULES = YES;
				CLANG_ENABLE_OBJC_ARC = YES;
				CLANG_WARN_BLOCK_CAPTURE_AUTORELEASING = YES;
				CLANG_WARN_BOOL_CONVERSION = YES;
				CLANG_WARN_COMMA = YES;
				CLANG_WARN_CONSTANT_CONVERSION = YES;
				CLANG_WARN_DIRECT_OBJC_ISA_USAGE = YES_ERROR;
				CLANG_WARN_DOCUMENTATION_COMMENTS = YES;
				CLANG_WARN_EMPTY_BODY = YES;
				CLANG_WARN_ENUM_CONVERSION = YES;
				CLANG_WARN_INFINITE_RECURSION = YES;
				CLANG_WARN_INT_CONVERSION = YES;
				CLANG_WARN_NON_LITERAL_NULL_CONVERSION = YES;
				CLANG_WARN_OBJC_LITERAL_CONVERSION = YES;
				CLANG_WARN_OBJC_ROOT_CLASS = YES_ERROR;
				CLANG_WARN_RANGE_LOOP_ANALYSIS = YES;
				CLANG_WARN_STRICT_PROTOTYPES = YES;
				CLANG_WARN_SUSPICIOUS_MOVE = YES;
				CLANG_WARN_UNGUARDED_AVAILABILITY = YES_AGGRESSIVE;
				CLANG_WARN_UNREACHABLE_CODE = YES;
				CLANG_WARN__DUPLICATE_METHOD_MATCH = YES;
				CODE_SIGN_IDENTITY = "iPhone Developer";
				COPY_PHASE_STRIP = NO;
				DEBUG_INFORMATION_FORMAT = "dwarf-with-dsym";
				ENABLE_NS_ASSERTIONS = NO;
				ENABLE_STRICT_OBJC_MSGSEND = YES;
				GCC_C_LANGUAGE_STANDARD = gnu11;
				GCC_NO_COMMON_BLOCKS = YES;
				GCC_WARN_64_TO_32_BIT_CONVERSION = YES;
				GCC_WARN_ABOUT_RETURN_TYPE = YES_ERROR;
				GCC_WARN_UNDECLARED_SELECTOR = YES;
				GCC_WARN_UNINITIALIZED_AUTOS = YES_AGGRESSIVE;
				GCC_WARN_UNUSED_FUNCTION = YES;
				GCC_WARN_UNUSED_VARIABLE = YES;
				IPHONEOS_DEPLOYMENT_TARGET = 11.2;
				MTL_ENABLE_DEBUG_INFO = NO;
				SDKROOT = iphoneos;
				SWIFT_OPTIMIZATION_LEVEL = "-Owholemodule";
				VALIDATE_PRODUCT = YES;
			};
			name = Release;
		};
		4F0AFC18204A378A008D4FD9 /* Debug */ = {
			isa = XCBuildConfiguration;
			buildSettings = {
				ASSETCATALOG_COMPILER_APPICON_NAME = AppIcon;
				CODE_SIGN_STYLE = Automatic;
				INFOPLIST_FILE = Foodzi/Info.plist;
				LD_RUNPATH_SEARCH_PATHS = "$(inherited) @executable_path/Frameworks";
				PRODUCT_BUNDLE_IDENTIFIER = com.Foodzi;
				PRODUCT_NAME = "$(TARGET_NAME)";
				SWIFT_VERSION = 4.0;
				TARGETED_DEVICE_FAMILY = "1,2";
			};
			name = Debug;
		};
		4F0AFC19204A378A008D4FD9 /* Release */ = {
			isa = XCBuildConfiguration;
			buildSettings = {
				ASSETCATALOG_COMPILER_APPICON_NAME = AppIcon;
				CODE_SIGN_STYLE = Automatic;
				INFOPLIST_FILE = Foodzi/Info.plist;
				LD_RUNPATH_SEARCH_PATHS = "$(inherited) @executable_path/Frameworks";
				PRODUCT_BUNDLE_IDENTIFIER = com.Foodzi;
				PRODUCT_NAME = "$(TARGET_NAME)";
				SWIFT_VERSION = 4.0;
				TARGETED_DEVICE_FAMILY = "1,2";
			};
			name = Release;
		};
		4F0AFC1B204A378A008D4FD9 /* Debug */ = {
			isa = XCBuildConfiguration;
			buildSettings = {
				ALWAYS_EMBED_SWIFT_STANDARD_LIBRARIES = YES;
				BUNDLE_LOADER = "$(TEST_HOST)";
				CODE_SIGN_STYLE = Automatic;
				INFOPLIST_FILE = FoodziTests/Info.plist;
				LD_RUNPATH_SEARCH_PATHS = "$(inherited) @executable_path/Frameworks @loader_path/Frameworks";
				PRODUCT_BUNDLE_IDENTIFIER = com.FoodziTests;
				PRODUCT_NAME = "$(TARGET_NAME)";
				SWIFT_VERSION = 4.0;
				TARGETED_DEVICE_FAMILY = "1,2";
				TEST_HOST = "$(BUILT_PRODUCTS_DIR)/Foodzi.app/Foodzi";
			};
			name = Debug;
		};
		4F0AFC1C204A378A008D4FD9 /* Release */ = {
			isa = XCBuildConfiguration;
			buildSettings = {
				ALWAYS_EMBED_SWIFT_STANDARD_LIBRARIES = YES;
				BUNDLE_LOADER = "$(TEST_HOST)";
				CODE_SIGN_STYLE = Automatic;
				INFOPLIST_FILE = FoodziTests/Info.plist;
				LD_RUNPATH_SEARCH_PATHS = "$(inherited) @executable_path/Frameworks @loader_path/Frameworks";
				PRODUCT_BUNDLE_IDENTIFIER = com.FoodziTests;
				PRODUCT_NAME = "$(TARGET_NAME)";
				SWIFT_VERSION = 4.0;
				TARGETED_DEVICE_FAMILY = "1,2";
				TEST_HOST = "$(BUILT_PRODUCTS_DIR)/Foodzi.app/Foodzi";
			};
			name = Release;
		};
/* End XCBuildConfiguration section */

/* Begin XCConfigurationList section */
		4F0AFBF5204A3789008D4FD9 /* Build configuration list for PBXProject "Foodzi" */ = {
			isa = XCConfigurationList;
			buildConfigurations = (
				4F0AFC15204A378A008D4FD9 /* Debug */,
				4F0AFC16204A378A008D4FD9 /* Release */,
			);
			defaultConfigurationIsVisible = 0;
			defaultConfigurationName = Release;
		};
		4F0AFC17204A378A008D4FD9 /* Build configuration list for PBXNativeTarget "Foodzi" */ = {
			isa = XCConfigurationList;
			buildConfigurations = (
				4F0AFC18204A378A008D4FD9 /* Debug */,
				4F0AFC19204A378A008D4FD9 /* Release */,
			);
			defaultConfigurationIsVisible = 0;
			defaultConfigurationName = Release;
		};
		4F0AFC1A204A378A008D4FD9 /* Build configuration list for PBXNativeTarget "FoodziTests" */ = {
			isa = XCConfigurationList;
			buildConfigurations = (
				4F0AFC1B204A378A008D4FD9 /* Debug */,
				4F0AFC1C204A378A008D4FD9 /* Release */,
			);
			defaultConfigurationIsVisible = 0;
			defaultConfigurationName = Release;
		};
/* End XCConfigurationList section */
	};
	rootObject = 4F0AFBF2204A3789008D4FD9 /* Project object */;
}
